{
  "name": "chest-solutions.github.io",
  "version": "1.0.0",
  "lockfileVersion": 3,
  "requires": true,
  "packages": {
    "": {
      "name": "chest-solutions.github.io",
      "version": "1.0.0",
      "license": "ISC",
      "dependencies": {
        "header-footerify": "^1.0.0"
      }
    },
    "node_modules/header-footerify": {
      "version": "1.0.0",
      "resolved": "https://registry.npmjs.org/header-footerify/-/header-footerify-1.0.0.tgz",
      "integrity": "sha512-e86vzow9/LSvPIdefp0f/jXI2DAOhH6gAjZrKqMk4uhIEMaqkL43XYDwxmhUqXwFBA4wvD+gj+DOW30y8/uf0A==",
      "license": "MIT"
    }
  }
}
